
Microsoft Visual Studio Solution File, Format Version 12.00
# Visual Studio Version 16
VisualStudioVersion = 16.0.29306.81
MinimumVisualStudioVersion = 10.0.40219.1
Project("{FAE04EC0-301F-11D3-BF4B-00C04F79EFBC}") = "IMDB_DATABASE", "IMDB_DATABASE.csproj", "{BAA80353-92A4-4A55-B19E-D0327885E540}"
EndProject
Global
	GlobalSection(SolutionConfigurationPlatforms) = preSolution
		Debug|Any CPU = Debug|Any CPU
		Release|Any CPU = Release|Any CPU
	EndGlobalSection
	GlobalSection(ProjectConfigurationPlatforms) = postSolution
		{BAA80353-92A4-4A55-B19E-D0327885E540}.Debug|Any CPU.ActiveCfg = Debug|Any CPU
		{BAA80353-92A4-4A55-B19E-D0327885E540}.Debug|Any CPU.Build.0 = Debug|Any CPU
		{BAA80353-92A4-4A55-B19E-D0327885E540}.Release|Any CPU.ActiveCfg = Release|Any CPU
		{BAA80353-92A4-4A55-B19E-D0327885E540}.Release|Any CPU.Build.0 = Release|Any CPU
	EndGlobalSection
	GlobalSection(SolutionProperties) = preSolution
		HideSolutionNode = FALSE
	EndGlobalSection
	GlobalSection(ExtensibilityGlobals) = postSolution
		SolutionGuid = {52F588B7-FEA0-4CDD-91F9-C42EA5B9C822}
	EndGlobalSection
EndGlobal
